
Microsoft Visual Studio Solution File, Format Version 12.00
# Visual Studio Version 16
VisualStudioVersion = 16.0.31829.152
MinimumVisualStudioVersion = 10.0.40219.1
Project("{FAE04EC0-301F-11D3-BF4B-00C04F79EFBC}") = "Notes.Android", "Notes.Android\Notes.Android.csproj", "{E461FB02-A5B8-4C0D-ACBF-D78C787AE070}"
EndProject
Project("{FAE04EC0-301F-11D3-BF4B-00C04F79EFBC}") = "Notes.iOS", "Notes.iOS\Notes.iOS.csproj", "{77721F1A-4F4F-4D98-8AAD-5F5C5E917916}"
EndProject
Project("{FAE04EC0-301F-11D3-BF4B-00C04F79EFBC}") = "Notes", "Notes\Notes.csproj", "{A33303C5-D246-4D9F-8C4B-ED9B35A84C86}"
EndProject
Global
	GlobalSection(SolutionConfigurationPlatforms) = preSolution
		Debug|Any CPU = Debug|Any CPU
		Debug|iPhone = Debug|iPhone
		Debug|iPhoneSimulator = Debug|iPhoneSimulator
		Release|Any CPU = Release|Any CPU
		Release|iPhone = Release|iPhone
		Release|iPhoneSimulator = Release|iPhoneSimulator
	EndGlobalSection
	GlobalSection(ProjectConfigurationPlatforms) = postSolution
		{E461FB02-A5B8-4C0D-ACBF-D78C787AE070}.Debug|Any CPU.ActiveCfg = Debug|Any CPU
		{E461FB02-A5B8-4C0D-ACBF-D78C787AE070}.Debug|Any CPU.Build.0 = Debug|Any CPU
		{E461FB02-A5B8-4C0D-ACBF-D78C787AE070}.Debug|Any CPU.Deploy.0 = Debug|Any CPU
		{E461FB02-A5B8-4C0D-ACBF-D78C787AE070}.Debug|iPhone.ActiveCfg = Debug|Any CPU
		{E461FB02-A5B8-4C0D-ACBF-D78C787AE070}.Debug|iPhone.Build.0 = Debug|Any CPU
		{E461FB02-A5B8-4C0D-ACBF-D78C787AE070}.Debug|iPhone.Deploy.0 = Debug|Any CPU
		{E461FB02-A5B8-4C0D-ACBF-D78C787AE070}.Debug|iPhoneSimulator.ActiveCfg = Debug|Any CPU
		{E461FB02-A5B8-4C0D-ACBF-D78C787AE070}.Debug|iPhoneSimulator.Build.0 = Debug|Any CPU
		{E461FB02-A5B8-4C0D-ACBF-D78C787AE070}.Debug|iPhoneSimulator.Deploy.0 = Debug|Any CPU
		{E461FB02-A5B8-4C0D-ACBF-D78C787AE070}.Release|Any CPU.ActiveCfg = Release|Any CPU
		{E461FB02-A5B8-4C0D-ACBF-D78C787AE070}.Release|Any CPU.Build.0 = Release|Any CPU
		{E461FB02-A5B8-4C0D-ACBF-D78C787AE070}.Release|Any CPU.Deploy.0 = Release|Any CPU
		{E461FB02-A5B8-4C0D-ACBF-D78C787AE070}.Release|iPhone.ActiveCfg = Release|Any CPU
		{E461FB02-A5B8-4C0D-ACBF-D78C787AE070}.Release|iPhone.Build.0 = Release|Any CPU
		{E461FB02-A5B8-4C0D-ACBF-D78C787AE070}.Release|iPhone.Deploy.0 = Release|Any CPU
		{E461FB02-A5B8-4C0D-ACBF-D78C787AE070}.Release|iPhoneSimulator.ActiveCfg = Release|Any CPU
		{E461FB02-A5B8-4C0D-ACBF-D78C787AE070}.Release|iPhoneSimulator.Build.0 = Release|Any CPU
		{E461FB02-A5B8-4C0D-ACBF-D78C787AE070}.Release|iPhoneSimulator.Deploy.0 = Release|Any CPU
		{77721F1A-4F4F-4D98-8AAD-5F5C5E917916}.Debug|Any CPU.ActiveCfg = Debug|iPhone
		{77721F1A-4F4F-4D98-8AAD-5F5C5E917916}.Debug|Any CPU.Build.0 = Debug|iPhone
		{77721F1A-4F4F-4D98-8AAD-5F5C5E917916}.Debug|Any CPU.Deploy.0 = Debug|iPhone
		{77721F1A-4F4F-4D98-8AAD-5F5C5E917916}.Debug|iPhone.ActiveCfg = Debug|iPhone
		{77721F1A-4F4F-4D98-8AAD-5F5C5E917916}.Debug|iPhone.Build.0 = Debug|iPhone
		{77721F1A-4F4F-4D98-8AAD-5F5C5E917916}.Debug|iPhone.Deploy.0 = Debug|iPhone
		{77721F1A-4F4F-4D98-8AAD-5F5C5E917916}.Debug|iPhoneSimulator.ActiveCfg = Debug|iPhoneSimulator
		{77721F1A-4F4F-4D98-8AAD-5F5C5E917916}.Debug|iPhoneSimulator.Build.0 = Debug|iPhoneSimulator
		{77721F1A-4F4F-4D98-8AAD-5F5C5E917916}.Debug|iPhoneSimulator.Deploy.0 = Debug|iPhoneSimulator
		{77721F1A-4F4F-4D98-8AAD-5F5C5E917916}.Release|Any CPU.ActiveCfg = Release|iPhoneSimulator
		{77721F1A-4F4F-4D98-8AAD-5F5C5E917916}.Release|Any CPU.Build.0 = Release|iPhoneSimulator
		{77721F1A-4F4F-4D98-8AAD-5F5C5E917916}.Release|Any CPU.Deploy.0 = Release|iPhoneSimulator
		{77721F1A-4F4F-4D98-8AAD-5F5C5E917916}.Release|iPhone.ActiveCfg = Release|iPhone
		{77721F1A-4F4F-4D98-8AAD-5F5C5E917916}.Release|iPhone.Build.0 = Release|iPhone
		{77721F1A-4F4F-4D98-8AAD-5F5C5E917916}.Release|iPhone.Deploy.0 = Release|iPhone
		{77721F1A-4F4F-4D98-8AAD-5F5C5E917916}.Release|iPhoneSimulator.ActiveCfg = Release|iPhoneSimulator
		{77721F1A-4F4F-4D98-8AAD-5F5C5E917916}.Release|iPhoneSimulator.Build.0 = Release|iPhoneSimulator
		{77721F1A-4F4F-4D98-8AAD-5F5C5E917916}.Release|iPhoneSimulator.Deploy.0 = Release|iPhoneSimulator
		{A33303C5-D246-4D9F-8C4B-ED9B35A84C86}.Debug|Any CPU.ActiveCfg = Debug|Any CPU
		{A33303C5-D246-4D9F-8C4B-ED9B35A84C86}.Debug|Any CPU.Build.0 = Debug|Any CPU
		{A33303C5-D246-4D9F-8C4B-ED9B35A84C86}.Debug|Any CPU.Deploy.0 = Debug|Any CPU
		{A33303C5-D246-4D9F-8C4B-ED9B35A84C86}.Debug|iPhone.ActiveCfg = Debug|Any CPU
		{A33303C5-D246-4D9F-8C4B-ED9B35A84C86}.Debug|iPhone.Build.0 = Debug|Any CPU
		{A33303C5-D246-4D9F-8C4B-ED9B35A84C86}.Debug|iPhone.Deploy.0 = Debug|Any CPU
		{A33303C5-D246-4D9F-8C4B-ED9B35A84C86}.Debug|iPhoneSimulator.ActiveCfg = Debug|Any CPU
		{A33303C5-D246-4D9F-8C4B-ED9B35A84C86}.Debug|iPhoneSimulator.Build.0 = Debug|Any CPU
		{A33303C5-D246-4D9F-8C4B-ED9B35A84C86}.Debug|iPhoneSimulator.Deploy.0 = Debug|Any CPU
		{A33303C5-D246-4D9F-8C4B-ED9B35A84C86}.Release|Any CPU.ActiveCfg = Release|Any CPU
		{A33303C5-D246-4D9F-8C4B-ED9B35A84C86}.Release|Any CPU.Build.0 = Release|Any CPU
		{A33303C5-D246-4D9F-8C4B-ED9B35A84C86}.Release|Any CPU.Deploy.0 = Release|Any CPU
		{A33303C5-D246-4D9F-8C4B-ED9B35A84C86}.Release|iPhone.ActiveCfg = Release|Any CPU
		{A33303C5-D246-4D9F-8C4B-ED9B35A84C86}.Release|iPhone.Build.0 = Release|Any CPU
		{A33303C5-D246-4D9F-8C4B-ED9B35A84C86}.Release|iPhone.Deploy.0 = Release|Any CPU
		{A33303C5-D246-4D9F-8C4B-ED9B35A84C86}.Release|iPhoneSimulator.ActiveCfg = Release|Any CPU
		{A33303C5-D246-4D9F-8C4B-ED9B35A84C86}.Release|iPhoneSimulator.Build.0 = Release|Any CPU
		{A33303C5-D246-4D9F-8C4B-ED9B35A84C86}.Release|iPhoneSimulator.Deploy.0 = Release|Any CPU
	EndGlobalSection
	GlobalSection(SolutionProperties) = preSolution
		HideSolutionNode = FALSE
	EndGlobalSection
	GlobalSection(ExtensibilityGlobals) = postSolution
		SolutionGuid = {9F20C349-340B-4937-9B08-CB129656DC3E}
	EndGlobalSection
EndGlobal
